
Microsoft Visual Studio Solution File, Format Version 12.00
# Visual Studio 14
VisualStudioVersion = 14.0.25123.0
MinimumVisualStudioVersion = 10.0.40219.1
Project("{FAE04EC0-301F-11D3-BF4B-00C04F79EFBC}") = "Euler 40", "Euler 40\Euler 40.csproj", "{23C5BE86-E8EC-48C2-8002-4500BA7A3741}"
EndProject
Global
	GlobalSection(SolutionConfigurationPlatforms) = preSolution
		Debug|Any CPU = Debug|Any CPU
		Release|Any CPU = Release|Any CPU
	EndGlobalSection
	GlobalSection(ProjectConfigurationPlatforms) = postSolution
		{23C5BE86-E8EC-48C2-8002-4500BA7A3741}.Debug|Any CPU.ActiveCfg = Debug|Any CPU
		{23C5BE86-E8EC-48C2-8002-4500BA7A3741}.Debug|Any CPU.Build.0 = Debug|Any CPU
		{23C5BE86-E8EC-48C2-8002-4500BA7A3741}.Release|Any CPU.ActiveCfg = Release|Any CPU
		{23C5BE86-E8EC-48C2-8002-4500BA7A3741}.Release|Any CPU.Build.0 = Release|Any CPU
	EndGlobalSection
	GlobalSection(SolutionProperties) = preSolution
		HideSolutionNode = FALSE
	EndGlobalSection
EndGlobal
