
Microsoft Visual Studio Solution File, Format Version 12.00
# Visual Studio 14
VisualStudioVersion = 14.0.25123.0
MinimumVisualStudioVersion = 10.0.40219.1
Project("{FAE04EC0-301F-11D3-BF4B-00C04F79EFBC}") = "Euler 12", "Euler 12\Euler 12.csproj", "{27158195-1369-44F8-9A05-B2D4AE968156}"
EndProject
Global
	GlobalSection(SolutionConfigurationPlatforms) = preSolution
		Debug|Any CPU = Debug|Any CPU
		Release|Any CPU = Release|Any CPU
	EndGlobalSection
	GlobalSection(ProjectConfigurationPlatforms) = postSolution
		{27158195-1369-44F8-9A05-B2D4AE968156}.Debug|Any CPU.ActiveCfg = Debug|Any CPU
		{27158195-1369-44F8-9A05-B2D4AE968156}.Debug|Any CPU.Build.0 = Debug|Any CPU
		{27158195-1369-44F8-9A05-B2D4AE968156}.Release|Any CPU.ActiveCfg = Release|Any CPU
		{27158195-1369-44F8-9A05-B2D4AE968156}.Release|Any CPU.Build.0 = Release|Any CPU
	EndGlobalSection
	GlobalSection(SolutionProperties) = preSolution
		HideSolutionNode = FALSE
	EndGlobalSection
EndGlobal
